{
  "lockfile-version": 1,
  "manifest": {
    "version": 1,
    "install": {
      "asciinema": {
        "pkg-path": "asciinema"
      },
      "awscli2": {
        "pkg-path": "awscli2"
      },
      "coreutils": {
        "pkg-path": "coreutils"
      },
      "eza": {
        "pkg-path": "eza"
      },
      "htop": {
        "pkg-path": "htop"
      },
      "httpie": {
        "pkg-path": "httpie"
      },
      "luarocks": {
        "pkg-path": "luarocks"
      },
      "neovim": {
        "pkg-path": "neovim",
        "systems": [
          "aarch64-linux",
          "x86_64-linux"
        ]
      },
      "nmap": {
        "pkg-path": "nmap"
      },
      "subversion": {
        "pkg-path": "subversion"
      },
      "wget": {
        "pkg-path": "wget"
      },
      "zsh": {
        "pkg-path": "zsh"
      }
    },
    "hook": {},
    "profile": {},
    "options": {
      "systems": [
        "aarch64-darwin",
        "aarch64-linux",
        "x86_64-darwin",
        "x86_64-linux"
      ],
      "allow": {
        "licenses": []
      },
      "semver": {}
    }
  },
  "packages": [
    {
      "attr_path": "asciinema",
      "broken": false,
      "derivation": "/nix/store/dyl7na97q4p8660l1kk440sqr0hm2mgl-asciinema-2.4.0.drv",
      "description": "Terminal session recorder and the best companion of asciinema.org",
      "install_id": "asciinema",
      "license": "[ GPL-3.0-or-later ]",
      "locked_url": "https://github.com/flox/nixpkgs?rev=88195a94f390381c6afcdaa933c2f6ff93959cb4",
      "name": "asciinema-2.4.0",
      "pname": "asciinema",
      "rev": "88195a94f390381c6afcdaa933c2f6ff93959cb4",
      "rev_count": 729683,
      "rev_date": "2024-12-29T11:18:24Z",
      "scrape_date": "2024-12-31T03:56:31Z",
      "stabilities": [
        "unstable"
      ],
      "unfree": false,
      "version": "2.4.0",
      "outputs_to_install": [
        "out"
      ],
      "outputs": {
        "dist": "/nix/store/6m2mycrmqbnsbinqgwgvjw4b5axhkard-asciinema-2.4.0-dist",
        "out": "/nix/store/6vsxcd93hwf2gvy4cc21zqjy466q441v-asciinema-2.4.0"
      },
      "system": "aarch64-darwin",
      "group": "toplevel",
      "priority": 5
    },
    {
      "attr_path": "asciinema",
      "broken": false,
      "derivation": "/nix/store/0n9p8x0gw35njb1ysih8aswv6qikh5r6-asciinema-2.4.0.drv",
      "description": "Terminal session recorder and the best companion of asciinema.org",
      "install_id": "asciinema",
      "license": "[ GPL-3.0-or-later ]",
      "locked_url": "https://github.com/flox/nixpkgs?rev=88195a94f390381c6afcdaa933c2f6ff93959cb4",
      "name": "asciinema-2.4.0",
      "pname": "asciinema",
      "rev": "88195a94f390381c6afcdaa933c2f6ff93959cb4",
      "rev_count": 729683,
      "rev_date": "2024-12-29T11:18:24Z",
      "scrape_date": "2024-12-31T03:56:31Z",
      "stabilities": [
        "unstable"
      ],
      "unfree": false,
      "version": "2.4.0",
      "outputs_to_install": [
        "out"
      ],
      "outputs": {
        "dist": "/nix/store/bwi3hhcwsqsqqbhgkar8byb0cjx8hrpa-asciinema-2.4.0-dist",
        "out": "/nix/store/h1py4d8fvc0hqa4dqxaa0icsvgpf3l6b-asciinema-2.4.0"
      },
      "system": "aarch64-linux",
      "group": "toplevel",
      "priority": 5
    },
    {
      "attr_path": "asciinema",
      "broken": false,
      "derivation": "/nix/store/5khllrsp08nxfh0i6rvvagg93p59ymrv-asciinema-2.4.0.drv",
      "description": "Terminal session recorder and the best companion of asciinema.org",
      "install_id": "asciinema",
      "license": "[ GPL-3.0-or-later ]",
      "locked_url": "https://github.com/flox/nixpkgs?rev=88195a94f390381c6afcdaa933c2f6ff93959cb4",
      "name": "asciinema-2.4.0",
      "pname": "asciinema",
      "rev": "88195a94f390381c6afcdaa933c2f6ff93959cb4",
      "rev_count": 729683,
      "rev_date": "2024-12-29T11:18:24Z",
      "scrape_date": "2024-12-31T03:56:31Z",
      "stabilities": [
        "unstable"
      ],
      "unfree": false,
      "version": "2.4.0",
      "outputs_to_install": [
        "out"
      ],
      "outputs": {
        "dist": "/nix/store/nlk4cj2ahw4m79f9wh0cq43nac0zhisp-asciinema-2.4.0-dist",
        "out": "/nix/store/dv3k28zwzvilsbhq811g6w3ws2gna655-asciinema-2.4.0"
      },
      "system": "x86_64-darwin",
      "group": "toplevel",
      "priority": 5
    },
    {
      "attr_path": "asciinema",
      "broken": false,
      "derivation": "/nix/store/plaad5v5073zf2w6nxg0wjng00yh625d-asciinema-2.4.0.drv",
      "description": "Terminal session recorder and the best companion of asciinema.org",
      "install_id": "asciinema",
      "license": "[ GPL-3.0-or-later ]",
      "locked_url": "https://github.com/flox/nixpkgs?rev=88195a94f390381c6afcdaa933c2f6ff93959cb4",
      "name": "asciinema-2.4.0",
      "pname": "asciinema",
      "rev": "88195a94f390381c6afcdaa933c2f6ff93959cb4",
      "rev_count": 729683,
      "rev_date": "2024-12-29T11:18:24Z",
      "scrape_date": "2024-12-31T03:56:31Z",
      "stabilities": [
        "unstable"
      ],
      "unfree": false,
      "version": "2.4.0",
      "outputs_to_install": [
        "out"
      ],
      "outputs": {
        "dist": "/nix/store/qsjmj4lh4z2ak3s0p5rb8mz0bcd4b75k-asciinema-2.4.0-dist",
        "out": "/nix/store/rix71jpb3kdc2443v6nfmhvbnsw8aqsa-asciinema-2.4.0"
      },
      "system": "x86_64-linux",
      "group": "toplevel",
      "priority": 5
    },
    {
      "attr_path": "awscli2",
      "broken": false,
      "derivation": "/nix/store/1mbjwq2n59g2s7c5fvwcapgqnj1lxg51-awscli2-2.22.13.drv",
      "description": "Unified tool to manage your AWS services",
      "install_id": "awscli2",
      "license": "Apache-2.0",
      "locked_url": "https://github.com/flox/nixpkgs?rev=88195a94f390381c6afcdaa933c2f6ff93959cb4",
      "name": "awscli2-2.22.13",
      "pname": "awscli2",
      "rev": "88195a94f390381c6afcdaa933c2f6ff93959cb4",
      "rev_count": 729683,
      "rev_date": "2024-12-29T11:18:24Z",
      "scrape_date": "2024-12-31T03:56:31Z",
      "stabilities": [
        "unstable"
      ],
      "unfree": false,
      "version": "2.22.13",
      "outputs_to_install": [
        "out"
      ],
      "outputs": {
        "dist": "/nix/store/pfq0zkq3ghbwq9419idxng97app4ab88-awscli2-2.22.13-dist",
        "out": "/nix/store/x7gzwsgvbv9gsv2alx6s283gmfc1ak1x-awscli2-2.22.13"
      },
      "system": "aarch64-darwin",
      "group": "toplevel",
      "priority": 5
    },
    {
      "attr_path": "awscli2",
      "broken": false,
      "derivation": "/nix/store/l71s6jxfj00f9bhcqhlbx8g7zvjpwr12-awscli2-2.22.13.drv",
      "description": "Unified tool to manage your AWS services",
      "install_id": "awscli2",
      "license": "Apache-2.0",
      "locked_url": "https://github.com/flox/nixpkgs?rev=88195a94f390381c6afcdaa933c2f6ff93959cb4",
      "name": "awscli2-2.22.13",
      "pname": "awscli2",
      "rev": "88195a94f390381c6afcdaa933c2f6ff93959cb4",
      "rev_count": 729683,
      "rev_date": "2024-12-29T11:18:24Z",
      "scrape_date": "2024-12-31T03:56:31Z",
      "stabilities": [
        "unstable"
      ],
      "unfree": false,
      "version": "2.22.13",
      "outputs_to_install": [
        "out"
      ],
      "outputs": {
        "dist": "/nix/store/pnqgak7jqprc9kairy5ps2d1jk111bmm-awscli2-2.22.13-dist",
        "out": "/nix/store/674csr665fyax3pfaddcihsrncncnhhm-awscli2-2.22.13"
      },
      "system": "aarch64-linux",
      "group": "toplevel",
      "priority": 5
    },
    {
      "attr_path": "awscli2",
      "broken": false,
      "derivation": "/nix/store/zrp1y52392nik9hjlpwyn57fypqdkz7d-awscli2-2.22.13.drv",
      "description": "Unified tool to manage your AWS services",
      "install_id": "awscli2",
      "license": "Apache-2.0",
      "locked_url": "https://github.com/flox/nixpkgs?rev=88195a94f390381c6afcdaa933c2f6ff93959cb4",
      "name": "awscli2-2.22.13",
      "pname": "awscli2",
      "rev": "88195a94f390381c6afcdaa933c2f6ff93959cb4",
      "rev_count": 729683,
      "rev_date": "2024-12-29T11:18:24Z",
      "scrape_date": "2024-12-31T03:56:31Z",
      "stabilities": [
        "unstable"
      ],
      "unfree": false,
      "version": "2.22.13",
      "outputs_to_install": [
        "out"
      ],
      "outputs": {
        "dist": "/nix/store/c7r54rikxyh0qbapxgww9i1nqfx678g3-awscli2-2.22.13-dist",
        "out": "/nix/store/xw6jb44l1vn3zsg319w11vjab5q4qlgq-awscli2-2.22.13"
      },
      "system": "x86_64-darwin",
      "group": "toplevel",
      "priority": 5
    },
    {
      "attr_path": "awscli2",
      "broken": false,
      "derivation": "/nix/store/042x9pmrxz59ghvncpmaxwc6q3rkxf5i-awscli2-2.22.13.drv",
      "description": "Unified tool to manage your AWS services",
      "install_id": "awscli2",
      "license": "Apache-2.0",
      "locked_url": "https://github.com/flox/nixpkgs?rev=88195a94f390381c6afcdaa933c2f6ff93959cb4",
      "name": "awscli2-2.22.13",
      "pname": "awscli2",
      "rev": "88195a94f390381c6afcdaa933c2f6ff93959cb4",
      "rev_count": 729683,
      "rev_date": "2024-12-29T11:18:24Z",
      "scrape_date": "2024-12-31T03:56:31Z",
      "stabilities": [
        "unstable"
      ],
      "unfree": false,
      "version": "2.22.13",
      "outputs_to_install": [
        "out"
      ],
      "outputs": {
        "dist": "/nix/store/rglprjz0gvsskdcwd8w6dqkihbpswidp-awscli2-2.22.13-dist",
        "out": "/nix/store/girpc6zmd0gnfxp1mpvr4himm99iznbk-awscli2-2.22.13"
      },
      "system": "x86_64-linux",
      "group": "toplevel",
      "priority": 5
    },
    {
      "attr_path": "coreutils",
      "broken": false,
      "derivation": "/nix/store/nm1mg4ilciiwhzkj26scwybw6x4ijpf0-coreutils-9.5.drv",
      "description": "GNU Core Utilities",
      "install_id": "coreutils",
      "license": "GPL-3.0-or-later",
      "locked_url": "https://github.com/flox/nixpkgs?rev=88195a94f390381c6afcdaa933c2f6ff93959cb4",
      "name": "coreutils-9.5",
      "pname": "coreutils",
      "rev": "88195a94f390381c6afcdaa933c2f6ff93959cb4",
      "rev_count": 729683,
      "rev_date": "2024-12-29T11:18:24Z",
      "scrape_date": "2024-12-31T03:56:31Z",
      "stabilities": [
        "unstable"
      ],
      "unfree": false,
      "version": "9.5",
      "outputs_to_install": [
        "out"
      ],
      "outputs": {
        "info": "/nix/store/c263jjqg2mpap2fagjl34lziidkgph3i-coreutils-9.5-info",
        "out": "/nix/store/p9m0bsw49c5m6wnm3m4fs97yx5rxcmfj-coreutils-9.5"
      },
      "system": "aarch64-darwin",
      "group": "toplevel",
      "priority": 5
    },
    {
      "attr_path": "coreutils",
      "broken": false,
      "derivation": "/nix/store/18ysbs708pj8ps18fdjj81z7zn4c6fla-coreutils-9.5.drv",
      "description": "GNU Core Utilities",
      "install_id": "coreutils",
      "license": "GPL-3.0-or-later",
      "locked_url": "https://github.com/flox/nixpkgs?rev=88195a94f390381c6afcdaa933c2f6ff93959cb4",
      "name": "coreutils-9.5",
      "pname": "coreutils",
      "rev": "88195a94f390381c6afcdaa933c2f6ff93959cb4",
      "rev_count": 729683,
      "rev_date": "2024-12-29T11:18:24Z",
      "scrape_date": "2024-12-31T03:56:31Z",
      "stabilities": [
        "unstable"
      ],
      "unfree": false,
      "version": "9.5",
      "outputs_to_install": [
        "out"
      ],
      "outputs": {
        "debug": "/nix/store/r1x885lysldxid2575k87nld06pkbf4v-coreutils-9.5-debug",
        "info": "/nix/store/xqglm4755lgpjrdyxi5f52fljrcarvqc-coreutils-9.5-info",
        "out": "/nix/store/lhd4sbpf3l9jxmb8sl6881l924q151j0-coreutils-9.5"
      },
      "system": "aarch64-linux",
      "group": "toplevel",
      "priority": 5
    },
    {
      "attr_path": "coreutils",
      "broken": false,
      "derivation": "/nix/store/67skpxi4kbs1nqf2xyvprbhxpsw6vmpy-coreutils-9.5.drv",
      "description": "GNU Core Utilities",
      "install_id": "coreutils",
      "license": "GPL-3.0-or-later",
      "locked_url": "https://github.com/flox/nixpkgs?rev=88195a94f390381c6afcdaa933c2f6ff93959cb4",
      "name": "coreutils-9.5",
      "pname": "coreutils",
      "rev": "88195a94f390381c6afcdaa933c2f6ff93959cb4",
      "rev_count": 729683,
      "rev_date": "2024-12-29T11:18:24Z",
      "scrape_date": "2024-12-31T03:56:31Z",
      "stabilities": [
        "unstable"
      ],
      "unfree": false,
      "version": "9.5",
      "outputs_to_install": [
        "out"
      ],
      "outputs": {
        "info": "/nix/store/aghncv047lvr0xhil8fwwxpk6bi5yalh-coreutils-9.5-info",
        "out": "/nix/store/ka9bhk1lwdqyv47kkw6ppqgx010xwghn-coreutils-9.5"
      },
      "system": "x86_64-darwin",
      "group": "toplevel",
      "priority": 5
    },
    {
      "attr_path": "coreutils",
      "broken": false,
      "derivation": "/nix/store/rzf4njjb1pfpc2csazccxjn9452d96mi-coreutils-9.5.drv",
      "description": "GNU Core Utilities",
      "install_id": "coreutils",
      "license": "GPL-3.0-or-later",
      "locked_url": "https://github.com/flox/nixpkgs?rev=88195a94f390381c6afcdaa933c2f6ff93959cb4",
      "name": "coreutils-9.5",
      "pname": "coreutils",
      "rev": "88195a94f390381c6afcdaa933c2f6ff93959cb4",
      "rev_count": 729683,
      "rev_date": "2024-12-29T11:18:24Z",
      "scrape_date": "2024-12-31T03:56:31Z",
      "stabilities": [
        "unstable"
      ],
      "unfree": false,
      "version": "9.5",
      "outputs_to_install": [
        "out"
      ],
      "outputs": {
        "debug": "/nix/store/zs8k0d5dx7nkvs6vmxmkr1jdz3px2fhi-coreutils-9.5-debug",
        "info": "/nix/store/hm7bqb710681rxgrq8b6l9zms50aj4k5-coreutils-9.5-info",
        "out": "/nix/store/4s9rah4cwaxflicsk5cndnknqlk9n4p3-coreutils-9.5"
      },
      "system": "x86_64-linux",
      "group": "toplevel",
      "priority": 5
    },
    {
      "attr_path": "eza",
      "broken": false,
      "derivation": "/nix/store/xf3b0kpxa0dldzzalw1rnkx6pmcjjim7-eza-0.20.14.drv",
      "description": "Modern, maintained replacement for ls",
      "install_id": "eza",
      "license": "EUPL-1.2",
      "locked_url": "https://github.com/flox/nixpkgs?rev=88195a94f390381c6afcdaa933c2f6ff93959cb4",
      "name": "eza-0.20.14",
      "pname": "eza",
      "rev": "88195a94f390381c6afcdaa933c2f6ff93959cb4",
      "rev_count": 729683,
      "rev_date": "2024-12-29T11:18:24Z",
      "scrape_date": "2024-12-31T03:56:31Z",
      "stabilities": [
        "unstable"
      ],
      "unfree": false,
      "version": "0.20.14",
      "outputs_to_install": [
        "out",
        "man"
      ],
      "outputs": {
        "man": "/nix/store/avcyi1bafyjjrawirdxi4nwqdkkf2l1k-eza-0.20.14-man",
        "out": "/nix/store/rgkha41jy00sym5jpj76cgna790sk1vy-eza-0.20.14"
      },
      "system": "aarch64-darwin",
      "group": "toplevel",
      "priority": 5
    },
    {
      "attr_path": "eza",
      "broken": false,
      "derivation": "/nix/store/422wbw6s9vjlvvbf05spsbbkv7d3awri-eza-0.20.14.drv",
      "description": "Modern, maintained replacement for ls",
      "install_id": "eza",
      "license": "EUPL-1.2",
      "locked_url": "https://github.com/flox/nixpkgs?rev=88195a94f390381c6afcdaa933c2f6ff93959cb4",
      "name": "eza-0.20.14",
      "pname": "eza",
      "rev": "88195a94f390381c6afcdaa933c2f6ff93959cb4",
      "rev_count": 729683,
      "rev_date": "2024-12-29T11:18:24Z",
      "scrape_date": "2024-12-31T03:56:31Z",
      "stabilities": [
        "unstable"
      ],
      "unfree": false,
      "version": "0.20.14",
      "outputs_to_install": [
        "out",
        "man"
      ],
      "outputs": {
        "man": "/nix/store/71linr17khqq91b1j3h01spgnjx7r169-eza-0.20.14-man",
        "out": "/nix/store/fbdwi57yzn7xy3xcr9ml2r500jyba8mx-eza-0.20.14"
      },
      "system": "aarch64-linux",
      "group": "toplevel",
      "priority": 5
    },
    {
      "attr_path": "eza",
      "broken": false,
      "derivation": "/nix/store/m8hjwwp4f3q7yn3g9kw10yjfc3y94130-eza-0.20.14.drv",
      "description": "Modern, maintained replacement for ls",
      "install_id": "eza",
      "license": "EUPL-1.2",
      "locked_url": "https://github.com/flox/nixpkgs?rev=88195a94f390381c6afcdaa933c2f6ff93959cb4",
      "name": "eza-0.20.14",
      "pname": "eza",
      "rev": "88195a94f390381c6afcdaa933c2f6ff93959cb4",
      "rev_count": 729683,
      "rev_date": "2024-12-29T11:18:24Z",
      "scrape_date": "2024-12-31T03:56:31Z",
      "stabilities": [
        "unstable"
      ],
      "unfree": false,
      "version": "0.20.14",
      "outputs_to_install": [
        "out",
        "man"
      ],
      "outputs": {
        "man": "/nix/store/ymqfd123ln1zhi11klsnwnpxzfb5vfva-eza-0.20.14-man",
        "out": "/nix/store/v8hji0gbvd001a1fmckdvmlcpwmdald6-eza-0.20.14"
      },
      "system": "x86_64-darwin",
      "group": "toplevel",
      "priority": 5
    },
    {
      "attr_path": "eza",
      "broken": false,
      "derivation": "/nix/store/qvjhh24w67kgv72n25fkiaglkv3h65nh-eza-0.20.14.drv",
      "description": "Modern, maintained replacement for ls",
      "install_id": "eza",
      "license": "EUPL-1.2",
      "locked_url": "https://github.com/flox/nixpkgs?rev=88195a94f390381c6afcdaa933c2f6ff93959cb4",
      "name": "eza-0.20.14",
      "pname": "eza",
      "rev": "88195a94f390381c6afcdaa933c2f6ff93959cb4",
      "rev_count": 729683,
      "rev_date": "2024-12-29T11:18:24Z",
      "scrape_date": "2024-12-31T03:56:31Z",
      "stabilities": [
        "unstable"
      ],
      "unfree": false,
      "version": "0.20.14",
      "outputs_to_install": [
        "out",
        "man"
      ],
      "outputs": {
        "man": "/nix/store/0zzazx0h18b808k4vyj558l55bnlgmyp-eza-0.20.14-man",
        "out": "/nix/store/rkaw9a2pkmc2dd1mngbmncvspr6ylsrd-eza-0.20.14"
      },
      "system": "x86_64-linux",
      "group": "toplevel",
      "priority": 5
    },
    {
      "attr_path": "htop",
      "broken": false,
      "derivation": "/nix/store/wlwbnq0xn77pjy7zrsmdvgbb5nhm30jr-htop-3.3.0.drv",
      "description": "Interactive process viewer",
      "install_id": "htop",
      "license": "GPL-2.0-only",
      "locked_url": "https://github.com/flox/nixpkgs?rev=88195a94f390381c6afcdaa933c2f6ff93959cb4",
      "name": "htop-3.3.0",
      "pname": "htop",
      "rev": "88195a94f390381c6afcdaa933c2f6ff93959cb4",
      "rev_count": 729683,
      "rev_date": "2024-12-29T11:18:24Z",
      "scrape_date": "2024-12-31T03:56:31Z",
      "stabilities": [
        "unstable"
      ],
      "unfree": false,
      "version": "3.3.0",
      "outputs_to_install": [
        "out"
      ],
      "outputs": {
        "out": "/nix/store/2707pg3s9g8lkhvqsmmpbyvcbhlfhq1l-htop-3.3.0"
      },
      "system": "aarch64-darwin",
      "group": "toplevel",
      "priority": 5
    },
    {
      "attr_path": "htop",
      "broken": false,
      "derivation": "/nix/store/62khp53kqx82a4hdvxrb266gffqrgx5m-htop-3.3.0.drv",
      "description": "Interactive process viewer",
      "install_id": "htop",
      "license": "GPL-2.0-only",
      "locked_url": "https://github.com/flox/nixpkgs?rev=88195a94f390381c6afcdaa933c2f6ff93959cb4",
      "name": "htop-3.3.0",
      "pname": "htop",
      "rev": "88195a94f390381c6afcdaa933c2f6ff93959cb4",
      "rev_count": 729683,
      "rev_date": "2024-12-29T11:18:24Z",
      "scrape_date": "2024-12-31T03:56:31Z",
      "stabilities": [
        "unstable"
      ],
      "unfree": false,
      "version": "3.3.0",
      "outputs_to_install": [
        "out"
      ],
      "outputs": {
        "out": "/nix/store/b7mh7a23bx0pr77v5yqw5y9grrg2m24r-htop-3.3.0"
      },
      "system": "aarch64-linux",
      "group": "toplevel",
      "priority": 5
    },
    {
      "attr_path": "htop",
      "broken": false,
      "derivation": "/nix/store/8ic6pvlchslchnipnqy7b2w3wzd5qhqy-htop-3.3.0.drv",
      "description": "Interactive process viewer",
      "install_id": "htop",
      "license": "GPL-2.0-only",
      "locked_url": "https://github.com/flox/nixpkgs?rev=88195a94f390381c6afcdaa933c2f6ff93959cb4",
      "name": "htop-3.3.0",
      "pname": "htop",
      "rev": "88195a94f390381c6afcdaa933c2f6ff93959cb4",
      "rev_count": 729683,
      "rev_date": "2024-12-29T11:18:24Z",
      "scrape_date": "2024-12-31T03:56:31Z",
      "stabilities": [
        "unstable"
      ],
      "unfree": false,
      "version": "3.3.0",
      "outputs_to_install": [
        "out"
      ],
      "outputs": {
        "out": "/nix/store/sk2nw29ixcf10rrvzkkwry6k5psin218-htop-3.3.0"
      },
      "system": "x86_64-darwin",
      "group": "toplevel",
      "priority": 5
    },
    {
      "attr_path": "htop",
      "broken": false,
      "derivation": "/nix/store/ph0bcnhy7bqazikyrbggfxqkbg5hd8vy-htop-3.3.0.drv",
      "description": "Interactive process viewer",
      "install_id": "htop",
      "license": "GPL-2.0-only",
      "locked_url": "https://github.com/flox/nixpkgs?rev=88195a94f390381c6afcdaa933c2f6ff93959cb4",
      "name": "htop-3.3.0",
      "pname": "htop",
      "rev": "88195a94f390381c6afcdaa933c2f6ff93959cb4",
      "rev_count": 729683,
      "rev_date": "2024-12-29T11:18:24Z",
      "scrape_date": "2024-12-31T03:56:31Z",
      "stabilities": [
        "unstable"
      ],
      "unfree": false,
      "version": "3.3.0",
      "outputs_to_install": [
        "out"
      ],
      "outputs": {
        "out": "/nix/store/2sf68z55yw335zfb2pzcfcqpxqjg56yc-htop-3.3.0"
      },
      "system": "x86_64-linux",
      "group": "toplevel",
      "priority": 5
    },
    {
      "attr_path": "httpie",
      "broken": false,
      "derivation": "/nix/store/9ddvrmdi00yqc9zldwxjwdbif565h77g-python3.12-httpie-3.2.4.drv",
      "description": "Command line HTTP client whose goal is to make CLI human-friendly",
      "install_id": "httpie",
      "license": "BSD-3-Clause",
      "locked_url": "https://github.com/flox/nixpkgs?rev=88195a94f390381c6afcdaa933c2f6ff93959cb4",
      "name": "httpie-3.2.4",
      "pname": "httpie",
      "rev": "88195a94f390381c6afcdaa933c2f6ff93959cb4",
      "rev_count": 729683,
      "rev_date": "2024-12-29T11:18:24Z",
      "scrape_date": "2024-12-31T03:56:31Z",
      "stabilities": [
        "unstable"
      ],
      "unfree": false,
      "version": "3.2.4",
      "outputs_to_install": [
        "out"
      ],
      "outputs": {
        "dist": "/nix/store/j9b83yi9j182ppbf4znh4fggcyah92a9-python3.12-httpie-3.2.4-dist",
        "out": "/nix/store/w2vfzcgv41lv0faz06ya2dwrnji0i5rp-python3.12-httpie-3.2.4"
      },
      "system": "aarch64-darwin",
      "group": "toplevel",
      "priority": 5
    },
    {
      "attr_path": "httpie",
      "broken": false,
      "derivation": "/nix/store/p36fyjakd66xzl50yvai6xb3s1x500wi-python3.12-httpie-3.2.4.drv",
      "description": "Command line HTTP client whose goal is to make CLI human-friendly",
      "install_id": "httpie",
      "license": "BSD-3-Clause",
      "locked_url": "https://github.com/flox/nixpkgs?rev=88195a94f390381c6afcdaa933c2f6ff93959cb4",
      "name": "httpie-3.2.4",
      "pname": "httpie",
      "rev": "88195a94f390381c6afcdaa933c2f6ff93959cb4",
      "rev_count": 729683,
      "rev_date": "2024-12-29T11:18:24Z",
      "scrape_date": "2024-12-31T03:56:31Z",
      "stabilities": [
        "unstable"
      ],
      "unfree": false,
      "version": "3.2.4",
      "outputs_to_install": [
        "out"
      ],
      "outputs": {
        "dist": "/nix/store/fs1m1lgng4h4wcbl99i7gcpvcf8f0k51-python3.12-httpie-3.2.4-dist",
        "out": "/nix/store/kcr50rzl5zkwyyjxa6qdxzaa87cg9hjs-python3.12-httpie-3.2.4"
      },
      "system": "aarch64-linux",
      "group": "toplevel",
      "priority": 5
    },
    {
      "attr_path": "httpie",
      "broken": false,
      "derivation": "/nix/store/kq4v2i6y029qqpqh32ds3a9g3ag84nlh-python3.12-httpie-3.2.4.drv",
      "description": "Command line HTTP client whose goal is to make CLI human-friendly",
      "install_id": "httpie",
      "license": "BSD-3-Clause",
      "locked_url": "https://github.com/flox/nixpkgs?rev=88195a94f390381c6afcdaa933c2f6ff93959cb4",
      "name": "httpie-3.2.4",
      "pname": "httpie",
      "rev": "88195a94f390381c6afcdaa933c2f6ff93959cb4",
      "rev_count": 729683,
      "rev_date": "2024-12-29T11:18:24Z",
      "scrape_date": "2024-12-31T03:56:31Z",
      "stabilities": [
        "unstable"
      ],
      "unfree": false,
      "version": "3.2.4",
      "outputs_to_install": [
        "out"
      ],
      "outputs": {
        "dist": "/nix/store/jbcz5xi0ihai9rngl8zhzp6hj767inx6-python3.12-httpie-3.2.4-dist",
        "out": "/nix/store/sw78zh04k3nwfd9i9bm3if1asc4s0w70-python3.12-httpie-3.2.4"
      },
      "system": "x86_64-darwin",
      "group": "toplevel",
      "priority": 5
    },
    {
      "attr_path": "httpie",
      "broken": false,
      "derivation": "/nix/store/hm3jcj3ksip52lj39a8x3bwr9x64g467-python3.12-httpie-3.2.4.drv",
      "description": "Command line HTTP client whose goal is to make CLI human-friendly",
      "install_id": "httpie",
      "license": "BSD-3-Clause",
      "locked_url": "https://github.com/flox/nixpkgs?rev=88195a94f390381c6afcdaa933c2f6ff93959cb4",
      "name": "httpie-3.2.4",
      "pname": "httpie",
      "rev": "88195a94f390381c6afcdaa933c2f6ff93959cb4",
      "rev_count": 729683,
      "rev_date": "2024-12-29T11:18:24Z",
      "scrape_date": "2024-12-31T03:56:31Z",
      "stabilities": [
        "unstable"
      ],
      "unfree": false,
      "version": "3.2.4",
      "outputs_to_install": [
        "out"
      ],
      "outputs": {
        "dist": "/nix/store/p9l0qz14c10gprw2hzgly896w75hgyxf-python3.12-httpie-3.2.4-dist",
        "out": "/nix/store/5y2gyx2bwkvjs9xcix1xq4a0gmz9jnmk-python3.12-httpie-3.2.4"
      },
      "system": "x86_64-linux",
      "group": "toplevel",
      "priority": 5
    },
    {
      "attr_path": "luarocks",
      "broken": false,
      "derivation": "/nix/store/0dzl4alx88icfkf3gmb45l4m3pk7wlfv-lua5.2-luarocks-3.11.1-1.drv",
      "description": "A package manager for Lua modules.",
      "install_id": "luarocks",
      "license": "MIT",
      "locked_url": "https://github.com/flox/nixpkgs?rev=88195a94f390381c6afcdaa933c2f6ff93959cb4",
      "name": "lua5.2-luarocks-3.11.1-1",
      "pname": "luarocks",
      "rev": "88195a94f390381c6afcdaa933c2f6ff93959cb4",
      "rev_count": 729683,
      "rev_date": "2024-12-29T11:18:24Z",
      "scrape_date": "2024-12-31T03:56:31Z",
      "stabilities": [
        "unstable"
      ],
      "unfree": false,
      "version": "lua5.2-luarocks-3.11.1-1",
      "outputs_to_install": [
        "out"
      ],
      "outputs": {
        "out": "/nix/store/36p761x1lgz151643zsi5xnqc74c72rc-lua5.2-luarocks-3.11.1-1"
      },
      "system": "aarch64-darwin",
      "group": "toplevel",
      "priority": 5
    },
    {
      "attr_path": "luarocks",
      "broken": false,
      "derivation": "/nix/store/62p8p1i5s9mcbpr42wk8562d239r1xaj-lua5.2-luarocks-3.11.1-1.drv",
      "description": "A package manager for Lua modules.",
      "install_id": "luarocks",
      "license": "MIT",
      "locked_url": "https://github.com/flox/nixpkgs?rev=88195a94f390381c6afcdaa933c2f6ff93959cb4",
      "name": "lua5.2-luarocks-3.11.1-1",
      "pname": "luarocks",
      "rev": "88195a94f390381c6afcdaa933c2f6ff93959cb4",
      "rev_count": 729683,
      "rev_date": "2024-12-29T11:18:24Z",
      "scrape_date": "2024-12-31T03:56:31Z",
      "stabilities": [
        "unstable"
      ],
      "unfree": false,
      "version": "lua5.2-luarocks-3.11.1-1",
      "outputs_to_install": [
        "out"
      ],
      "outputs": {
        "out": "/nix/store/injsljxwraba2xx6g3ya9c4b24fbz5sq-lua5.2-luarocks-3.11.1-1"
      },
      "system": "aarch64-linux",
      "group": "toplevel",
      "priority": 5
    },
    {
      "attr_path": "luarocks",
      "broken": false,
      "derivation": "/nix/store/4zkxdb9w446rvz8dlk813cvgf31gh8h0-lua5.2-luarocks-3.11.1-1.drv",
      "description": "A package manager for Lua modules.",
      "install_id": "luarocks",
      "license": "MIT",
      "locked_url": "https://github.com/flox/nixpkgs?rev=88195a94f390381c6afcdaa933c2f6ff93959cb4",
      "name": "lua5.2-luarocks-3.11.1-1",
      "pname": "luarocks",
      "rev": "88195a94f390381c6afcdaa933c2f6ff93959cb4",
      "rev_count": 729683,
      "rev_date": "2024-12-29T11:18:24Z",
      "scrape_date": "2024-12-31T03:56:31Z",
      "stabilities": [
        "unstable"
      ],
      "unfree": false,
      "version": "lua5.2-luarocks-3.11.1-1",
      "outputs_to_install": [
        "out"
      ],
      "outputs": {
        "out": "/nix/store/zxww9jjkmfjyj98298jh4f7pfy5jaqma-lua5.2-luarocks-3.11.1-1"
      },
      "system": "x86_64-darwin",
      "group": "toplevel",
      "priority": 5
    },
    {
      "attr_path": "luarocks",
      "broken": false,
      "derivation": "/nix/store/wfvylh3cffwqlwki6xr2s5y2qbs7zzsw-lua5.2-luarocks-3.11.1-1.drv",
      "description": "A package manager for Lua modules.",
      "install_id": "luarocks",
      "license": "MIT",
      "locked_url": "https://github.com/flox/nixpkgs?rev=88195a94f390381c6afcdaa933c2f6ff93959cb4",
      "name": "lua5.2-luarocks-3.11.1-1",
      "pname": "luarocks",
      "rev": "88195a94f390381c6afcdaa933c2f6ff93959cb4",
      "rev_count": 729683,
      "rev_date": "2024-12-29T11:18:24Z",
      "scrape_date": "2024-12-31T03:56:31Z",
      "stabilities": [
        "unstable"
      ],
      "unfree": false,
      "version": "lua5.2-luarocks-3.11.1-1",
      "outputs_to_install": [
        "out"
      ],
      "outputs": {
        "out": "/nix/store/94l477hhz0mjyhr85wkfp29nx54j0dxq-lua5.2-luarocks-3.11.1-1"
      },
      "system": "x86_64-linux",
      "group": "toplevel",
      "priority": 5
    },
    {
      "attr_path": "neovim",
      "broken": false,
      "derivation": "/nix/store/j2ndjnsf4cb61n1mnkha5xmrzz8ll70d-neovim-0.10.3.drv",
      "description": "Vim text editor fork focused on extensibility and agility",
      "install_id": "neovim",
      "license": "[ Apache-2.0, Vim ]",
      "locked_url": "https://github.com/flox/nixpkgs?rev=88195a94f390381c6afcdaa933c2f6ff93959cb4",
      "name": "neovim-0.10.3",
      "pname": "neovim",
      "rev": "88195a94f390381c6afcdaa933c2f6ff93959cb4",
      "rev_count": 729683,
      "rev_date": "2024-12-29T11:18:24Z",
      "scrape_date": "2024-12-31T03:56:31Z",
      "stabilities": [
        "unstable"
      ],
      "unfree": false,
      "version": "0.10.3",
      "outputs_to_install": [
        "out"
      ],
      "outputs": {
        "out": "/nix/store/l119jkpxhi295aj7k5va9qd53cgmvcav-neovim-0.10.3"
      },
      "system": "aarch64-linux",
      "group": "toplevel",
      "priority": 5
    },
    {
      "attr_path": "neovim",
      "broken": false,
      "derivation": "/nix/store/amjcpk7x5wjbiwz64iq1bx8fwsd8mh1j-neovim-0.10.3.drv",
      "description": "Vim text editor fork focused on extensibility and agility",
      "install_id": "neovim",
      "license": "[ Apache-2.0, Vim ]",
      "locked_url": "https://github.com/flox/nixpkgs?rev=88195a94f390381c6afcdaa933c2f6ff93959cb4",
      "name": "neovim-0.10.3",
      "pname": "neovim",
      "rev": "88195a94f390381c6afcdaa933c2f6ff93959cb4",
      "rev_count": 729683,
      "rev_date": "2024-12-29T11:18:24Z",
      "scrape_date": "2024-12-31T03:56:31Z",
      "stabilities": [
        "unstable"
      ],
      "unfree": false,
      "version": "0.10.3",
      "outputs_to_install": [
        "out"
      ],
      "outputs": {
        "out": "/nix/store/agnfmw2mihx06cfh515l6pnzhrgbkl1b-neovim-0.10.3"
      },
      "system": "x86_64-linux",
      "group": "toplevel",
      "priority": 5
    },
    {
      "attr_path": "nmap",
      "broken": false,
      "derivation": "/nix/store/f3bb2fmvs28a3ri983fffhbf560acpa0-nmap-7.95.drv",
      "description": "Free and open source utility for network discovery and security auditing",
      "install_id": "nmap",
      "license": "GPL-2.0-only",
      "locked_url": "https://github.com/flox/nixpkgs?rev=88195a94f390381c6afcdaa933c2f6ff93959cb4",
      "name": "nmap-7.95",
      "pname": "nmap",
      "rev": "88195a94f390381c6afcdaa933c2f6ff93959cb4",
      "rev_count": 729683,
      "rev_date": "2024-12-29T11:18:24Z",
      "scrape_date": "2024-12-31T03:56:31Z",
      "stabilities": [
        "unstable"
      ],
      "unfree": false,
      "version": "7.95",
      "outputs_to_install": [
        "out"
      ],
      "outputs": {
        "out": "/nix/store/k5i0733i1vwqzn4dsclf5qmsgy018r59-nmap-7.95"
      },
      "system": "aarch64-darwin",
      "group": "toplevel",
      "priority": 5
    },
    {
      "attr_path": "nmap",
      "broken": false,
      "derivation": "/nix/store/p6gr9d7ywi0xi48cj182wlif5q4g6cf2-nmap-7.95.drv",
      "description": "Free and open source utility for network discovery and security auditing",
      "install_id": "nmap",
      "license": "GPL-2.0-only",
      "locked_url": "https://github.com/flox/nixpkgs?rev=88195a94f390381c6afcdaa933c2f6ff93959cb4",
      "name": "nmap-7.95",
      "pname": "nmap",
      "rev": "88195a94f390381c6afcdaa933c2f6ff93959cb4",
      "rev_count": 729683,
      "rev_date": "2024-12-29T11:18:24Z",
      "scrape_date": "2024-12-31T03:56:31Z",
      "stabilities": [
        "unstable"
      ],
      "unfree": false,
      "version": "7.95",
      "outputs_to_install": [
        "out"
      ],
      "outputs": {
        "out": "/nix/store/4gdvmh2rn3f81imb4hjvhmlkyz5cynnl-nmap-7.95"
      },
      "system": "aarch64-linux",
      "group": "toplevel",
      "priority": 5
    },
    {
      "attr_path": "nmap",
      "broken": false,
      "derivation": "/nix/store/qhgdwr1zy13r93brw7g6rmsyh66aaxhk-nmap-7.95.drv",
      "description": "Free and open source utility for network discovery and security auditing",
      "install_id": "nmap",
      "license": "GPL-2.0-only",
      "locked_url": "https://github.com/flox/nixpkgs?rev=88195a94f390381c6afcdaa933c2f6ff93959cb4",
      "name": "nmap-7.95",
      "pname": "nmap",
      "rev": "88195a94f390381c6afcdaa933c2f6ff93959cb4",
      "rev_count": 729683,
      "rev_date": "2024-12-29T11:18:24Z",
      "scrape_date": "2024-12-31T03:56:31Z",
      "stabilities": [
        "unstable"
      ],
      "unfree": false,
      "version": "7.95",
      "outputs_to_install": [
        "out"
      ],
      "outputs": {
        "out": "/nix/store/kiys28pkma2qp487r5a7cx3aqd9l0bp4-nmap-7.95"
      },
      "system": "x86_64-darwin",
      "group": "toplevel",
      "priority": 5
    },
    {
      "attr_path": "nmap",
      "broken": false,
      "derivation": "/nix/store/wgvq1sfbmg4pp3v8xwq8s7dc5q3z0hya-nmap-7.95.drv",
      "description": "Free and open source utility for network discovery and security auditing",
      "install_id": "nmap",
      "license": "GPL-2.0-only",
      "locked_url": "https://github.com/flox/nixpkgs?rev=88195a94f390381c6afcdaa933c2f6ff93959cb4",
      "name": "nmap-7.95",
      "pname": "nmap",
      "rev": "88195a94f390381c6afcdaa933c2f6ff93959cb4",
      "rev_count": 729683,
      "rev_date": "2024-12-29T11:18:24Z",
      "scrape_date": "2024-12-31T03:56:31Z",
      "stabilities": [
        "unstable"
      ],
      "unfree": false,
      "version": "7.95",
      "outputs_to_install": [
        "out"
      ],
      "outputs": {
        "out": "/nix/store/2g83ish1i382wzig78pnlrh4377p1rbf-nmap-7.95"
      },
      "system": "x86_64-linux",
      "group": "toplevel",
      "priority": 5
    },
    {
      "attr_path": "subversion",
      "broken": false,
      "derivation": "/nix/store/p4pb2jqgcla95z3jfi9g7x1zrw7044gk-subversion-1.14.5.drv",
      "description": "Version control system intended to be a compelling replacement for CVS in the open source community",
      "install_id": "subversion",
      "license": "Apache-2.0",
      "locked_url": "https://github.com/flox/nixpkgs?rev=88195a94f390381c6afcdaa933c2f6ff93959cb4",
      "name": "subversion-1.14.5",
      "pname": "subversion",
      "rev": "88195a94f390381c6afcdaa933c2f6ff93959cb4",
      "rev_count": 729683,
      "rev_date": "2024-12-29T11:18:24Z",
      "scrape_date": "2024-12-31T03:56:31Z",
      "stabilities": [
        "unstable"
      ],
      "unfree": false,
      "version": "1.14.5",
      "outputs_to_install": [
        "out",
        "man"
      ],
      "outputs": {
        "dev": "/nix/store/xn27dcwiwqc6kyv9s2nqjzd3gc93agbk-subversion-1.14.5-dev",
        "man": "/nix/store/asa8a0inwqk6wkqjcgh81n755z0b4brb-subversion-1.14.5-man",
        "out": "/nix/store/4lkqr7hdxz08p4xa5hvq0bma6f42jaj2-subversion-1.14.5"
      },
      "system": "aarch64-darwin",
      "group": "toplevel",
      "priority": 5
    },
    {
      "attr_path": "subversion",
      "broken": false,
      "derivation": "/nix/store/45rams2vhzk1dx5yrp4469nx14ajflk4-subversion-1.14.5.drv",
      "description": "Version control system intended to be a compelling replacement for CVS in the open source community",
      "install_id": "subversion",
      "license": "Apache-2.0",
      "locked_url": "https://github.com/flox/nixpkgs?rev=88195a94f390381c6afcdaa933c2f6ff93959cb4",
      "name": "subversion-1.14.5",
      "pname": "subversion",
      "rev": "88195a94f390381c6afcdaa933c2f6ff93959cb4",
      "rev_count": 729683,
      "rev_date": "2024-12-29T11:18:24Z",
      "scrape_date": "2024-12-31T03:56:31Z",
      "stabilities": [
        "unstable"
      ],
      "unfree": false,
      "version": "1.14.5",
      "outputs_to_install": [
        "out",
        "man"
      ],
      "outputs": {
        "dev": "/nix/store/jhnhcy9p5haq38x2mhrm80n8vivn01w3-subversion-1.14.5-dev",
        "man": "/nix/store/djcdxb43b4laqkpkgnq7najmdfb1hsq8-subversion-1.14.5-man",
        "out": "/nix/store/pqdym3bp4gg9p9bcxd0i9vgmfxja2r9k-subversion-1.14.5"
      },
      "system": "aarch64-linux",
      "group": "toplevel",
      "priority": 5
    },
    {
      "attr_path": "subversion",
      "broken": false,
      "derivation": "/nix/store/814xp7sa83imiijfhmjrds8bv4mkxnrp-subversion-1.14.5.drv",
      "description": "Version control system intended to be a compelling replacement for CVS in the open source community",
      "install_id": "subversion",
      "license": "Apache-2.0",
      "locked_url": "https://github.com/flox/nixpkgs?rev=88195a94f390381c6afcdaa933c2f6ff93959cb4",
      "name": "subversion-1.14.5",
      "pname": "subversion",
      "rev": "88195a94f390381c6afcdaa933c2f6ff93959cb4",
      "rev_count": 729683,
      "rev_date": "2024-12-29T11:18:24Z",
      "scrape_date": "2024-12-31T03:56:31Z",
      "stabilities": [
        "unstable"
      ],
      "unfree": false,
      "version": "1.14.5",
      "outputs_to_install": [
        "out",
        "man"
      ],
      "outputs": {
        "dev": "/nix/store/z8pj8987zzyr97d00fxr1zrwd3vi42bx-subversion-1.14.5-dev",
        "man": "/nix/store/c7gxxfhlnpmywlz5d65hvkbzni4vcsc0-subversion-1.14.5-man",
        "out": "/nix/store/jv450j30bc6kks4wblcvk9s6bc4p9l1b-subversion-1.14.5"
      },
      "system": "x86_64-darwin",
      "group": "toplevel",
      "priority": 5
    },
    {
      "attr_path": "subversion",
      "broken": false,
      "derivation": "/nix/store/k50nz791716640d2wr6gq0mpikjbw5hj-subversion-1.14.5.drv",
      "description": "Version control system intended to be a compelling replacement for CVS in the open source community",
      "install_id": "subversion",
      "license": "Apache-2.0",
      "locked_url": "https://github.com/flox/nixpkgs?rev=88195a94f390381c6afcdaa933c2f6ff93959cb4",
      "name": "subversion-1.14.5",
      "pname": "subversion",
      "rev": "88195a94f390381c6afcdaa933c2f6ff93959cb4",
      "rev_count": 729683,
      "rev_date": "2024-12-29T11:18:24Z",
      "scrape_date": "2024-12-31T03:56:31Z",
      "stabilities": [
        "unstable"
      ],
      "unfree": false,
      "version": "1.14.5",
      "outputs_to_install": [
        "out",
        "man"
      ],
      "outputs": {
        "dev": "/nix/store/v19drd25jv0ckdrb5m0lwbsjnjhwfija-subversion-1.14.5-dev",
        "man": "/nix/store/dypll4lsz37ibxw3r7c7fihhqzzzc7vl-subversion-1.14.5-man",
        "out": "/nix/store/1a6krn8p5z0fan3q1d98mrjjaf5hgiqn-subversion-1.14.5"
      },
      "system": "x86_64-linux",
      "group": "toplevel",
      "priority": 5
    },
    {
      "attr_path": "wget",
      "broken": false,
      "derivation": "/nix/store/r43pram2x3mp8gd0hn87q95bmc02s6xs-wget-1.25.0.drv",
      "description": "Tool for retrieving files using HTTP, HTTPS, and FTP",
      "install_id": "wget",
      "license": "GPL-3.0-or-later",
      "locked_url": "https://github.com/flox/nixpkgs?rev=88195a94f390381c6afcdaa933c2f6ff93959cb4",
      "name": "wget-1.25.0",
      "pname": "wget",
      "rev": "88195a94f390381c6afcdaa933c2f6ff93959cb4",
      "rev_count": 729683,
      "rev_date": "2024-12-29T11:18:24Z",
      "scrape_date": "2024-12-31T03:56:31Z",
      "stabilities": [
        "unstable"
      ],
      "unfree": false,
      "version": "1.25.0",
      "outputs_to_install": [
        "out"
      ],
      "outputs": {
        "out": "/nix/store/rjsz2sx5q97jdcx677ndw4c0bdlfh55m-wget-1.25.0"
      },
      "system": "aarch64-darwin",
      "group": "toplevel",
      "priority": 5
    },
    {
      "attr_path": "wget",
      "broken": false,
      "derivation": "/nix/store/ya56fc4c0zizw29m6f6knvd5g4z5p70m-wget-1.25.0.drv",
      "description": "Tool for retrieving files using HTTP, HTTPS, and FTP",
      "install_id": "wget",
      "license": "GPL-3.0-or-later",
      "locked_url": "https://github.com/flox/nixpkgs?rev=88195a94f390381c6afcdaa933c2f6ff93959cb4",
      "name": "wget-1.25.0",
      "pname": "wget",
      "rev": "88195a94f390381c6afcdaa933c2f6ff93959cb4",
      "rev_count": 729683,
      "rev_date": "2024-12-29T11:18:24Z",
      "scrape_date": "2024-12-31T03:56:31Z",
      "stabilities": [
        "unstable"
      ],
      "unfree": false,
      "version": "1.25.0",
      "outputs_to_install": [
        "out"
      ],
      "outputs": {
        "out": "/nix/store/792w23wrd0r0brvkrd3ni3gmk34f3pi7-wget-1.25.0"
      },
      "system": "aarch64-linux",
      "group": "toplevel",
      "priority": 5
    },
    {
      "attr_path": "wget",
      "broken": false,
      "derivation": "/nix/store/g8wbzlmf93yjix104q82ynhzxw3rgcjb-wget-1.25.0.drv",
      "description": "Tool for retrieving files using HTTP, HTTPS, and FTP",
      "install_id": "wget",
      "license": "GPL-3.0-or-later",
      "locked_url": "https://github.com/flox/nixpkgs?rev=88195a94f390381c6afcdaa933c2f6ff93959cb4",
      "name": "wget-1.25.0",
      "pname": "wget",
      "rev": "88195a94f390381c6afcdaa933c2f6ff93959cb4",
      "rev_count": 729683,
      "rev_date": "2024-12-29T11:18:24Z",
      "scrape_date": "2024-12-31T03:56:31Z",
      "stabilities": [
        "unstable"
      ],
      "unfree": false,
      "version": "1.25.0",
      "outputs_to_install": [
        "out"
      ],
      "outputs": {
        "out": "/nix/store/lnw7sb4mkxrb769pknwdldxb6dgjsw2q-wget-1.25.0"
      },
      "system": "x86_64-darwin",
      "group": "toplevel",
      "priority": 5
    },
    {
      "attr_path": "wget",
      "broken": false,
      "derivation": "/nix/store/vs91sfdhfd8y5jqg38whwpsz2jvzzf90-wget-1.25.0.drv",
      "description": "Tool for retrieving files using HTTP, HTTPS, and FTP",
      "install_id": "wget",
      "license": "GPL-3.0-or-later",
      "locked_url": "https://github.com/flox/nixpkgs?rev=88195a94f390381c6afcdaa933c2f6ff93959cb4",
      "name": "wget-1.25.0",
      "pname": "wget",
      "rev": "88195a94f390381c6afcdaa933c2f6ff93959cb4",
      "rev_count": 729683,
      "rev_date": "2024-12-29T11:18:24Z",
      "scrape_date": "2024-12-31T03:56:31Z",
      "stabilities": [
        "unstable"
      ],
      "unfree": false,
      "version": "1.25.0",
      "outputs_to_install": [
        "out"
      ],
      "outputs": {
        "out": "/nix/store/3kfrvmzrng8b1g7639n1f89f6dymlgin-wget-1.25.0"
      },
      "system": "x86_64-linux",
      "group": "toplevel",
      "priority": 5
    },
    {
      "attr_path": "zsh",
      "broken": false,
      "derivation": "/nix/store/nx36jgcyqcjnk7syyzpw6kvdxs5br2wg-zsh-5.9.drv",
      "description": "Z shell",
      "install_id": "zsh",
      "license": "MIT-like",
      "locked_url": "https://github.com/flox/nixpkgs?rev=88195a94f390381c6afcdaa933c2f6ff93959cb4",
      "name": "zsh-5.9",
      "pname": "zsh",
      "rev": "88195a94f390381c6afcdaa933c2f6ff93959cb4",
      "rev_count": 729683,
      "rev_date": "2024-12-29T11:18:24Z",
      "scrape_date": "2024-12-31T03:56:31Z",
      "stabilities": [
        "unstable"
      ],
      "unfree": false,
      "version": "5.9",
      "outputs_to_install": [
        "out",
        "man"
      ],
      "outputs": {
        "doc": "/nix/store/2s5bma9bndpa3jz3y15l3hmb7nsvd15x-zsh-5.9-doc",
        "info": "/nix/store/mwkzx8yjhch2dfzdgpk2j4scrla4jb7d-zsh-5.9-info",
        "man": "/nix/store/lilxx6vvxhrhlrjkghsijh5147wg7043-zsh-5.9-man",
        "out": "/nix/store/v4l4c5spjykdl678rd7l69sxwxk09r5n-zsh-5.9"
      },
      "system": "aarch64-darwin",
      "group": "toplevel",
      "priority": 5
    },
    {
      "attr_path": "zsh",
      "broken": false,
      "derivation": "/nix/store/ybkjj8igm468j9wb4lllb5xpdg0dvsxc-zsh-5.9.drv",
      "description": "Z shell",
      "install_id": "zsh",
      "license": "MIT-like",
      "locked_url": "https://github.com/flox/nixpkgs?rev=88195a94f390381c6afcdaa933c2f6ff93959cb4",
      "name": "zsh-5.9",
      "pname": "zsh",
      "rev": "88195a94f390381c6afcdaa933c2f6ff93959cb4",
      "rev_count": 729683,
      "rev_date": "2024-12-29T11:18:24Z",
      "scrape_date": "2024-12-31T03:56:31Z",
      "stabilities": [
        "unstable"
      ],
      "unfree": false,
      "version": "5.9",
      "outputs_to_install": [
        "out",
        "man"
      ],
      "outputs": {
        "doc": "/nix/store/3pi4ivlx9xx71kdzcrybkh3z7xi7645d-zsh-5.9-doc",
        "info": "/nix/store/vbs0bnx04gq0k69zdxn1ajmcyi4wpxr5-zsh-5.9-info",
        "man": "/nix/store/xhbp1n50mj2rpc0mnfvwqalsva5j2j72-zsh-5.9-man",
        "out": "/nix/store/d621sy4jlvcdpngiqv74q1kas9cqj7z8-zsh-5.9"
      },
      "system": "aarch64-linux",
      "group": "toplevel",
      "priority": 5
    },
    {
      "attr_path": "zsh",
      "broken": false,
      "derivation": "/nix/store/igy9lfls9y6z5gsz2dfh8gp046ijygbj-zsh-5.9.drv",
      "description": "Z shell",
      "install_id": "zsh",
      "license": "MIT-like",
      "locked_url": "https://github.com/flox/nixpkgs?rev=88195a94f390381c6afcdaa933c2f6ff93959cb4",
      "name": "zsh-5.9",
      "pname": "zsh",
      "rev": "88195a94f390381c6afcdaa933c2f6ff93959cb4",
      "rev_count": 729683,
      "rev_date": "2024-12-29T11:18:24Z",
      "scrape_date": "2024-12-31T03:56:31Z",
      "stabilities": [
        "unstable"
      ],
      "unfree": false,
      "version": "5.9",
      "outputs_to_install": [
        "out",
        "man"
      ],
      "outputs": {
        "doc": "/nix/store/02gwq5f1abi0mjynd6hakhx2h2ba54al-zsh-5.9-doc",
        "info": "/nix/store/f6lic2q88mqn3ddgrcjkmdhv1xf1gsgl-zsh-5.9-info",
        "man": "/nix/store/zkxkjj8nmj25g1jz4b8aa6sv7i1nii6f-zsh-5.9-man",
        "out": "/nix/store/i72q8jpfisg5h9ixll2zfc1b2p01fc8c-zsh-5.9"
      },
      "system": "x86_64-darwin",
      "group": "toplevel",
      "priority": 5
    },
    {
      "attr_path": "zsh",
      "broken": false,
      "derivation": "/nix/store/k8ji2qv0pf0y3m1fclvqcvyg0cyvsz5d-zsh-5.9.drv",
      "description": "Z shell",
      "install_id": "zsh",
      "license": "MIT-like",
      "locked_url": "https://github.com/flox/nixpkgs?rev=88195a94f390381c6afcdaa933c2f6ff93959cb4",
      "name": "zsh-5.9",
      "pname": "zsh",
      "rev": "88195a94f390381c6afcdaa933c2f6ff93959cb4",
      "rev_count": 729683,
      "rev_date": "2024-12-29T11:18:24Z",
      "scrape_date": "2024-12-31T03:56:31Z",
      "stabilities": [
        "unstable"
      ],
      "unfree": false,
      "version": "5.9",
      "outputs_to_install": [
        "out",
        "man"
      ],
      "outputs": {
        "doc": "/nix/store/g7n9w9v14ws8x0z846pcs654s0c8smr1-zsh-5.9-doc",
        "info": "/nix/store/hg2k3wflvpfp303apl7m6vs57j79gqxw-zsh-5.9-info",
        "man": "/nix/store/10xhlr2z4wfcjlvm65hvi69i7i62q8bf-zsh-5.9-man",
        "out": "/nix/store/fnixl0hxrvm6b8ayp7pb71gk9p25qbsr-zsh-5.9"
      },
      "system": "x86_64-linux",
      "group": "toplevel",
      "priority": 5
    }
  ]
}